
Microsoft Visual Studio Solution File, Format Version 12.00
# Visual Studio Version 17
VisualStudioVersion = 17.0.31903.59
MinimumVisualStudioVersion = 10.0.40219.1
Project("{9A19103F-16F7-4668-BE54-9A1E7A4F7556}") = "01-chat-basico", "examples\01-chat-basico\01-chat-basico.csproj", "{3F2504E0-4F89-41D3-9A0C-0305E82C3301}"
EndProject
Project("{2150E333-8FDC-42A3-9474-1A3956D46DE8}") = "examples", "examples", "{B36A84DF-456D-A817-6EDD-3EC3E7F6E11F}"
EndProject
Project("{FAE04EC0-301F-11D3-BF4B-00C04F79EFBC}") = "02-streaming", "examples\02-streaming\02-streaming.csproj", "{4097FFF1-486A-4646-8885-D239E8DBD134}"
EndProject
Project("{FAE04EC0-301F-11D3-BF4B-00C04F79EFBC}") = "03-structured-output", "examples\03-structured-output\03-structured-output.csproj", "{01BAEFB2-128B-4A0D-A220-EE7330B6445D}"
EndProject
Project("{FAE04EC0-301F-11D3-BF4B-00C04F79EFBC}") = "04-tool-use", "examples\04-tool-use\04-tool-use.csproj", "{E674D5D6-A010-4EC3-AF1F-EE3D8DFEB588}"
EndProject
Project("{FAE04EC0-301F-11D3-BF4B-00C04F79EFBC}") = "05-mcp", "examples\05-mcp\05-mcp.csproj", "{5613FCBE-B62E-464D-A052-9053A0339063}"
EndProject
Global
	GlobalSection(SolutionConfigurationPlatforms) = preSolution
		Debug|Any CPU = Debug|Any CPU
		Debug|x64 = Debug|x64
		Debug|x86 = Debug|x86
		Release|Any CPU = Release|Any CPU
		Release|x64 = Release|x64
		Release|x86 = Release|x86
	EndGlobalSection
	GlobalSection(ProjectConfigurationPlatforms) = postSolution
		{3F2504E0-4F89-41D3-9A0C-0305E82C3301}.Debug|Any CPU.ActiveCfg = Debug|Any CPU
		{3F2504E0-4F89-41D3-9A0C-0305E82C3301}.Debug|Any CPU.Build.0 = Debug|Any CPU
		{3F2504E0-4F89-41D3-9A0C-0305E82C3301}.Debug|x64.ActiveCfg = Debug|Any CPU
		{3F2504E0-4F89-41D3-9A0C-0305E82C3301}.Debug|x64.Build.0 = Debug|Any CPU
		{3F2504E0-4F89-41D3-9A0C-0305E82C3301}.Debug|x86.ActiveCfg = Debug|Any CPU
		{3F2504E0-4F89-41D3-9A0C-0305E82C3301}.Debug|x86.Build.0 = Debug|Any CPU
		{3F2504E0-4F89-41D3-9A0C-0305E82C3301}.Release|Any CPU.ActiveCfg = Release|Any CPU
		{3F2504E0-4F89-41D3-9A0C-0305E82C3301}.Release|Any CPU.Build.0 = Release|Any CPU
		{3F2504E0-4F89-41D3-9A0C-0305E82C3301}.Release|x64.ActiveCfg = Release|Any CPU
		{3F2504E0-4F89-41D3-9A0C-0305E82C3301}.Release|x64.Build.0 = Release|Any CPU
		{3F2504E0-4F89-41D3-9A0C-0305E82C3301}.Release|x86.ActiveCfg = Release|Any CPU
		{3F2504E0-4F89-41D3-9A0C-0305E82C3301}.Release|x86.Build.0 = Release|Any CPU
		{4097FFF1-486A-4646-8885-D239E8DBD134}.Debug|Any CPU.ActiveCfg = Debug|Any CPU
		{4097FFF1-486A-4646-8885-D239E8DBD134}.Debug|Any CPU.Build.0 = Debug|Any CPU
		{4097FFF1-486A-4646-8885-D239E8DBD134}.Debug|x64.ActiveCfg = Debug|Any CPU
		{4097FFF1-486A-4646-8885-D239E8DBD134}.Debug|x64.Build.0 = Debug|Any CPU
		{4097FFF1-486A-4646-8885-D239E8DBD134}.Debug|x86.ActiveCfg = Debug|Any CPU
		{4097FFF1-486A-4646-8885-D239E8DBD134}.Debug|x86.Build.0 = Debug|Any CPU
		{4097FFF1-486A-4646-8885-D239E8DBD134}.Release|Any CPU.ActiveCfg = Release|Any CPU
		{4097FFF1-486A-4646-8885-D239E8DBD134}.Release|Any CPU.Build.0 = Release|Any CPU
		{4097FFF1-486A-4646-8885-D239E8DBD134}.Release|x64.ActiveCfg = Release|Any CPU
		{4097FFF1-486A-4646-8885-D239E8DBD134}.Release|x64.Build.0 = Release|Any CPU
		{4097FFF1-486A-4646-8885-D239E8DBD134}.Release|x86.ActiveCfg = Release|Any CPU
		{4097FFF1-486A-4646-8885-D239E8DBD134}.Release|x86.Build.0 = Release|Any CPU
		{01BAEFB2-128B-4A0D-A220-EE7330B6445D}.Debug|Any CPU.ActiveCfg = Debug|Any CPU
		{01BAEFB2-128B-4A0D-A220-EE7330B6445D}.Debug|Any CPU.Build.0 = Debug|Any CPU
		{01BAEFB2-128B-4A0D-A220-EE7330B6445D}.Debug|x64.ActiveCfg = Debug|Any CPU
		{01BAEFB2-128B-4A0D-A220-EE7330B6445D}.Debug|x64.Build.0 = Debug|Any CPU
		{01BAEFB2-128B-4A0D-A220-EE7330B6445D}.Debug|x86.ActiveCfg = Debug|Any CPU
		{01BAEFB2-128B-4A0D-A220-EE7330B6445D}.Debug|x86.Build.0 = Debug|Any CPU
		{01BAEFB2-128B-4A0D-A220-EE7330B6445D}.Release|Any CPU.ActiveCfg = Release|Any CPU
		{01BAEFB2-128B-4A0D-A220-EE7330B6445D}.Release|Any CPU.Build.0 = Release|Any CPU
		{01BAEFB2-128B-4A0D-A220-EE7330B6445D}.Release|x64.ActiveCfg = Release|Any CPU
		{01BAEFB2-128B-4A0D-A220-EE7330B6445D}.Release|x64.Build.0 = Release|Any CPU
		{01BAEFB2-128B-4A0D-A220-EE7330B6445D}.Release|x86.ActiveCfg = Release|Any CPU
		{01BAEFB2-128B-4A0D-A220-EE7330B6445D}.Release|x86.Build.0 = Release|Any CPU
		{E674D5D6-A010-4EC3-AF1F-EE3D8DFEB588}.Debug|Any CPU.ActiveCfg = Debug|Any CPU
		{E674D5D6-A010-4EC3-AF1F-EE3D8DFEB588}.Debug|Any CPU.Build.0 = Debug|Any CPU
		{E674D5D6-A010-4EC3-AF1F-EE3D8DFEB588}.Debug|x64.ActiveCfg = Debug|Any CPU
		{E674D5D6-A010-4EC3-AF1F-EE3D8DFEB588}.Debug|x64.Build.0 = Debug|Any CPU
		{E674D5D6-A010-4EC3-AF1F-EE3D8DFEB588}.Debug|x86.ActiveCfg = Debug|Any CPU
		{E674D5D6-A010-4EC3-AF1F-EE3D8DFEB588}.Debug|x86.Build.0 = Debug|Any CPU
		{E674D5D6-A010-4EC3-AF1F-EE3D8DFEB588}.Release|Any CPU.ActiveCfg = Release|Any CPU
		{E674D5D6-A010-4EC3-AF1F-EE3D8DFEB588}.Release|Any CPU.Build.0 = Release|Any CPU
		{E674D5D6-A010-4EC3-AF1F-EE3D8DFEB588}.Release|x64.ActiveCfg = Release|Any CPU
		{E674D5D6-A010-4EC3-AF1F-EE3D8DFEB588}.Release|x64.Build.0 = Release|Any CPU
		{E674D5D6-A010-4EC3-AF1F-EE3D8DFEB588}.Release|x86.ActiveCfg = Release|Any CPU
		{E674D5D6-A010-4EC3-AF1F-EE3D8DFEB588}.Release|x86.Build.0 = Release|Any CPU
		{5613FCBE-B62E-464D-A052-9053A0339063}.Debug|Any CPU.ActiveCfg = Debug|Any CPU
		{5613FCBE-B62E-464D-A052-9053A0339063}.Debug|Any CPU.Build.0 = Debug|Any CPU
		{5613FCBE-B62E-464D-A052-9053A0339063}.Debug|x64.ActiveCfg = Debug|Any CPU
		{5613FCBE-B62E-464D-A052-9053A0339063}.Debug|x64.Build.0 = Debug|Any CPU
		{5613FCBE-B62E-464D-A052-9053A0339063}.Debug|x86.ActiveCfg = Debug|Any CPU
		{5613FCBE-B62E-464D-A052-9053A0339063}.Debug|x86.Build.0 = Debug|Any CPU
		{5613FCBE-B62E-464D-A052-9053A0339063}.Release|Any CPU.ActiveCfg = Release|Any CPU
		{5613FCBE-B62E-464D-A052-9053A0339063}.Release|Any CPU.Build.0 = Release|Any CPU
		{5613FCBE-B62E-464D-A052-9053A0339063}.Release|x64.ActiveCfg = Release|Any CPU
		{5613FCBE-B62E-464D-A052-9053A0339063}.Release|x64.Build.0 = Release|Any CPU
		{5613FCBE-B62E-464D-A052-9053A0339063}.Release|x86.ActiveCfg = Release|Any CPU
		{5613FCBE-B62E-464D-A052-9053A0339063}.Release|x86.Build.0 = Release|Any CPU
	EndGlobalSection
	GlobalSection(SolutionProperties) = preSolution
		HideSolutionNode = FALSE
	EndGlobalSection
	GlobalSection(NestedProjects) = preSolution
		{4097FFF1-486A-4646-8885-D239E8DBD134} = {B36A84DF-456D-A817-6EDD-3EC3E7F6E11F}
		{01BAEFB2-128B-4A0D-A220-EE7330B6445D} = {B36A84DF-456D-A817-6EDD-3EC3E7F6E11F}
		{E674D5D6-A010-4EC3-AF1F-EE3D8DFEB588} = {B36A84DF-456D-A817-6EDD-3EC3E7F6E11F}
		{5613FCBE-B62E-464D-A052-9053A0339063} = {B36A84DF-456D-A817-6EDD-3EC3E7F6E11F}
	EndGlobalSection
EndGlobal
